<?xml version="1.0" encoding="utf-8"?>
<Project ToolsVersion="4.0" xmlns="http://schemas.microsoft.com/developer/msbuild/2003">
  <ItemGroup>
    <Filter Include="ソース ファイル">
      <UniqueIdentifier>{4FC737F1-C7A5-4376-A066-2A32D752A2FF}</UniqueIdentifier>
      <Extensions>cpp;c;cc;cxx;c++;cppm;ixx;def;odl;idl;hpj;bat;asm;asmx</Extensions>
    </Filter>
    <Filter Include="ヘッダー ファイル">
      <UniqueIdentifier>{93995380-89BD-4b04-88EB-625FBE52EBFB}</UniqueIdentifier>
      <Extensions>h;hh;hpp;hxx;h++;hm;inl;inc;ipp;xsd</Extensions>
    </Filter>
    <Filter Include="リソース ファイル">
      <UniqueIdentifier>{67DA6AB6-F800-4c08-8B7A-83BB121AAD01}</UniqueIdentifier>
      <Extensions>rc;ico;cur;bmp;dlg;rc2;rct;bin;rgs;gif;jpg;jpeg;jpe;resx;tiff;tif;png;wav;mfcribbon-ms</Extensions>
    </Filter>
    <Filter Include="シェーダー ファイル">
      <UniqueIdentifier>{718c7f4c-fc51-40ad-a221-b9456a7a1a3c}</UniqueIdentifier>
    </Filter>
    <Filter Include="App">
      <UniqueIdentifier>{e1d88140-fd95-4b4f-abcd-9f822ae4a407}</UniqueIdentifier>
    </Filter>
    <Filter Include="App\Objects">
      <UniqueIdentifier>{9ea3ae80-81e5-453b-a76d-14f9b7271be5}</UniqueIdentifier>
    </Filter>
    <Filter Include="App\Scenes">
      <UniqueIdentifier>{362e2d85-594a-4400-bcf5-e09579f7a4ca}</UniqueIdentifier>
    </Filter>
    <Filter Include="Engine">
      <UniqueIdentifier>{af3ea330-32dd-46fc-9b1e-85ab15aba120}</UniqueIdentifier>
    </Filter>
    <Filter Include="Engine\Visual">
      <UniqueIdentifier>{2691fb10-9008-4c75-81a3-4ea93dc81a89}</UniqueIdentifier>
    </Filter>
    <Filter Include="Engine\Utility">
      <UniqueIdentifier>{f8fb24c6-6987-4eeb-9cbc-791a28f703aa}</UniqueIdentifier>
    </Filter>
    <Filter Include="Engine\Core">
      <UniqueIdentifier>{2cad8d0a-0782-4184-9357-e9c5cbb71b19}</UniqueIdentifier>
    </Filter>
    <Filter Include="Engine\Camera">
      <UniqueIdentifier>{2e0d77d1-27fc-42d4-bfe3-a4268bf12252}</UniqueIdentifier>
    </Filter>
  </ItemGroup>
  <ItemGroup>
    <ClCompile Include="Engine\Camera\CameraController.cpp">
      <Filter>Engine\Camera</Filter>
    </ClCompile>
    <ClCompile Include="App\Objects\Rocket.cpp">
      <Filter>App\Objects</Filter>
    </ClCompile>
    <ClCompile Include="App\Objects\Screw.cpp">
      <Filter>App\Objects</Filter>
    </ClCompile>
    <ClCompile Include="App\Objects\Skydome.cpp">
      <Filter>App\Objects</Filter>
    </ClCompile>
    <ClCompile Include="App\Objects\Field.cpp">
      <Filter>App\Objects</Filter>
    </ClCompile>
    <ClCompile Include="App\Scenes\GameScene.cpp">
      <Filter>App\Scenes</Filter>
    </ClCompile>
    <ClCompile Include="App\Scenes\TitleScene.cpp">
      <Filter>App\Scenes</Filter>
    </ClCompile>
    <ClCompile Include="Engine\Utility\Setting.cpp">
      <Filter>Engine\Utility</Filter>
    </ClCompile>
    <ClCompile Include="Engine\Core\main.cpp">
      <Filter>Engine\Core</Filter>
    </ClCompile>
    <ClCompile Include="Engine\Core\WorldTransformEx.cpp">
      <Filter>Engine\Core</Filter>
    </ClCompile>
    <ClCompile Include="Engine\Visual\Fade.cpp">
      <Filter>Engine\Visual</Filter>
    </ClCompile>
    <ClCompile Include="Engine\Visual\UI.cpp">
      <Filter>Engine\Visual</Filter>
    </ClCompile>
    <ClCompile Include="Engine\Utility\Timer.cpp">
      <Filter>Engine\Utility</Filter>
    </ClCompile>
  </ItemGroup>
  <ItemGroup>
    <FxCompile Include="Resources\shaders\SpritePS.hlsl">
      <Filter>シェーダー ファイル</Filter>
    </FxCompile>
    <FxCompile Include="Resources\shaders\SpriteVS.hlsl">
      <Filter>シェーダー ファイル</Filter>
    </FxCompile>
    <FxCompile Include="Resources\shaders\ShapeVS.hlsl">
      <Filter>シェーダー ファイル</Filter>
    </FxCompile>
    <FxCompile Include="Resources\shaders\ShapePS.hlsl">
      <Filter>シェーダー ファイル</Filter>
    </FxCompile>
    <FxCompile Include="Resources\shaders\ObjPS.hlsl">
      <Filter>シェーダー ファイル</Filter>
    </FxCompile>
    <FxCompile Include="Resources\shaders\ObjVS.hlsl">
      <Filter>シェーダー ファイル</Filter>
    </FxCompile>
    <FxCompile Include="Resources\shaders\PrimitivePS.hlsl">
      <Filter>シェーダー ファイル</Filter>
    </FxCompile>
    <FxCompile Include="Resources\shaders\PrimitiveVS.hlsl">
      <Filter>シェーダー ファイル</Filter>
    </FxCompile>
    <FxCompile Include="Resources\shaders\TerrainPS.hlsl">
      <Filter>シェーダー ファイル</Filter>
    </FxCompile>
    <FxCompile Include="Resources\shaders\TerrainVS.hlsl">
      <Filter>シェーダー ファイル</Filter>
    </FxCompile>
  </ItemGroup>
  <ItemGroup>
    <None Include="Resources\shaders\Sprite.hlsli">
      <Filter>シェーダー ファイル</Filter>
    </None>
    <None Include="Resources\shaders\Shape.hlsli">
      <Filter>シェーダー ファイル</Filter>
    </None>
    <None Include="Resources\shaders\Obj.hlsli">
      <Filter>シェーダー ファイル</Filter>
    </None>
    <None Include="Resources\shaders\Primitive.hlsli">
      <Filter>シェーダー ファイル</Filter>
    </None>
    <None Include="Resources\shaders\Terrain.hlsli">
      <Filter>シェーダー ファイル</Filter>
    </None>
  </ItemGroup>
  <ItemGroup>
    <ClInclude Include="Engine\Camera\CameraController.h">
      <Filter>Engine\Camera</Filter>
    </ClInclude>
    <ClInclude Include="App\Objects\Field.h">
      <Filter>App\Objects</Filter>
    </ClInclude>
    <ClInclude Include="App\Objects\Rocket.h">
      <Filter>App\Objects</Filter>
    </ClInclude>
    <ClInclude Include="App\Objects\Skydome.h">
      <Filter>App\Objects</Filter>
    </ClInclude>
    <ClInclude Include="App\Objects\Screw.h">
      <Filter>App\Objects</Filter>
    </ClInclude>
    <ClInclude Include="App\Scenes\GameScene.h">
      <Filter>App\Scenes</Filter>
    </ClInclude>
    <ClInclude Include="App\Scenes\TitleScene.h">
      <Filter>App\Scenes</Filter>
    </ClInclude>
    <ClInclude Include="Engine\Utility\Setting.h">
      <Filter>Engine\Utility</Filter>
    </ClInclude>
    <ClInclude Include="Engine\Core\WorldTransformEx.h">
      <Filter>Engine\Core</Filter>
    </ClInclude>
    <ClInclude Include="Engine\Visual\Fade.h">
      <Filter>Engine\Visual</Filter>
    </ClInclude>
    <ClInclude Include="Engine\Visual\UI.h">
      <Filter>Engine\Visual</Filter>
    </ClInclude>
    <ClInclude Include="Engine\Utility\Timer.h">
      <Filter>Engine\Utility</Filter>
    </ClInclude>
  </ItemGroup>
</Project>